
Microsoft Visual Studio Solution File, Format Version 12.00
# Visual Studio 15
VisualStudioVersion = 15.0.28307.438
MinimumVisualStudioVersion = 10.0.40219.1
Project("{FAE04EC0-301F-11D3-BF4B-00C04F79EFBC}") = "GIFGenerator", "GIFGenerator\GIFGenerator.csproj", "{EC7963E6-CFE9-434A-B6DB-35270C17C0F6}"
EndProject
Global
	GlobalSection(SolutionConfigurationPlatforms) = preSolution
		Debug|Any CPU = Debug|Any CPU
		Release|Any CPU = Release|Any CPU
	EndGlobalSection
	GlobalSection(ProjectConfigurationPlatforms) = postSolution
		{EC7963E6-CFE9-434A-B6DB-35270C17C0F6}.Debug|Any CPU.ActiveCfg = Debug|Any CPU
		{EC7963E6-CFE9-434A-B6DB-35270C17C0F6}.Debug|Any CPU.Build.0 = Debug|Any CPU
		{EC7963E6-CFE9-434A-B6DB-35270C17C0F6}.Release|Any CPU.ActiveCfg = Release|Any CPU
		{EC7963E6-CFE9-434A-B6DB-35270C17C0F6}.Release|Any CPU.Build.0 = Release|Any CPU
	EndGlobalSection
	GlobalSection(SolutionProperties) = preSolution
		HideSolutionNode = FALSE
	EndGlobalSection
	GlobalSection(ExtensibilityGlobals) = postSolution
		SolutionGuid = {8DED4B0C-F028-4860-B171-105125868542}
	EndGlobalSection
EndGlobal
